{
  "name": "actions-node-workspace-smoke",
  "version": "1.0.0",
  "lockfileVersion": 3,
  "requires": true,
  "packages": {
    "": {
      "name": "actions-node-workspace-smoke",
      "version": "1.0.0",
      "workspaces": ["apps/web"]
    },
    "apps/web": {
      "name": "actions-node-smoke-web",
      "version": "1.0.0"
    },
    "node_modules/actions-node-smoke-web": {
      "resolved": "apps/web",
      "link": true
    }
  }
}
